
Microsoft Visual Studio Solution File, Format Version 12.00
# Visual Studio 15
VisualStudioVersion = 15.0.27130.2024
MinimumVisualStudioVersion = 10.0.40219.1
Project("{FAE04EC0-301F-11D3-BF4B-00C04F79EFBC}") = "WXAMPService", "WXAMPService\WXAMPService.csproj", "{915A6B81-1E16-4F84-9924-2AB9A60F8E55}"
EndProject
Global
	GlobalSection(SolutionConfigurationPlatforms) = preSolution
		Debug|Any CPU = Debug|Any CPU
		Release|Any CPU = Release|Any CPU
	EndGlobalSection
	GlobalSection(ProjectConfigurationPlatforms) = postSolution
		{915A6B81-1E16-4F84-9924-2AB9A60F8E55}.Debug|Any CPU.ActiveCfg = Debug|Any CPU
		{915A6B81-1E16-4F84-9924-2AB9A60F8E55}.Debug|Any CPU.Build.0 = Debug|Any CPU
		{915A6B81-1E16-4F84-9924-2AB9A60F8E55}.Release|Any CPU.ActiveCfg = Release|Any CPU
		{915A6B81-1E16-4F84-9924-2AB9A60F8E55}.Release|Any CPU.Build.0 = Release|Any CPU
	EndGlobalSection
	GlobalSection(SolutionProperties) = preSolution
		HideSolutionNode = FALSE
	EndGlobalSection
	GlobalSection(ExtensibilityGlobals) = postSolution
		SolutionGuid = {29EF4245-E561-4865-893E-C94676D9726E}
	EndGlobalSection
EndGlobal
